
Microsoft Visual Studio Solution File, Format Version 12.00
# Visual Studio 2015
Project("{FAE04EC0-301F-11D3-BF4B-00C04F79EFBC}") = "Magic Sheppard.CSharp.Plugins", "Magic Sheppard.CSharp.Plugins.csproj", "{A5AF2272-F019-E3A4-CA8D-D5BBC1B3C440}"
EndProject
Project("{FAE04EC0-301F-11D3-BF4B-00C04F79EFBC}") = "Magic Sheppard.CSharp", "Magic Sheppard.CSharp.csproj", "{2E7ED8CD-11D0-EF99-44C1-7A5F16D393FB}"
EndProject
Project("{FAE04EC0-301F-11D3-BF4B-00C04F79EFBC}") = "Magic Sheppard.CSharp.Editor", "Magic Sheppard.CSharp.Editor.csproj", "{8F1AC018-4935-3F78-B11A-B24B1C3DBA17}"
EndProject
Global
	GlobalSection(SolutionConfigurationPlatforms) = preSolution
		Debug|Any CPU = Debug|Any CPU
		Release|Any CPU = Release|Any CPU
	EndGlobalSection
	GlobalSection(ProjectConfigurationPlatforms) = postSolution
		{A5AF2272-F019-E3A4-CA8D-D5BBC1B3C440}.Debug|Any CPU.ActiveCfg = Debug|Any CPU
		{A5AF2272-F019-E3A4-CA8D-D5BBC1B3C440}.Debug|Any CPU.Build.0 = Debug|Any CPU
		{A5AF2272-F019-E3A4-CA8D-D5BBC1B3C440}.Release|Any CPU.ActiveCfg = Release|Any CPU
		{A5AF2272-F019-E3A4-CA8D-D5BBC1B3C440}.Release|Any CPU.Build.0 = Release|Any CPU
		{2E7ED8CD-11D0-EF99-44C1-7A5F16D393FB}.Debug|Any CPU.ActiveCfg = Debug|Any CPU
		{2E7ED8CD-11D0-EF99-44C1-7A5F16D393FB}.Debug|Any CPU.Build.0 = Debug|Any CPU
		{2E7ED8CD-11D0-EF99-44C1-7A5F16D393FB}.Release|Any CPU.ActiveCfg = Release|Any CPU
		{2E7ED8CD-11D0-EF99-44C1-7A5F16D393FB}.Release|Any CPU.Build.0 = Release|Any CPU
		{8F1AC018-4935-3F78-B11A-B24B1C3DBA17}.Debug|Any CPU.ActiveCfg = Debug|Any CPU
		{8F1AC018-4935-3F78-B11A-B24B1C3DBA17}.Debug|Any CPU.Build.0 = Debug|Any CPU
		{8F1AC018-4935-3F78-B11A-B24B1C3DBA17}.Release|Any CPU.ActiveCfg = Release|Any CPU
		{8F1AC018-4935-3F78-B11A-B24B1C3DBA17}.Release|Any CPU.Build.0 = Release|Any CPU
	EndGlobalSection
	GlobalSection(SolutionProperties) = preSolution
		HideSolutionNode = FALSE
	EndGlobalSection
EndGlobal
